
Microsoft Visual Studio Solution File, Format Version 12.00
# Visual Studio Version 17
VisualStudioVersion = 17.10.35122.118
MinimumVisualStudioVersion = 10.0.40219.1
Project("{9A19103F-16F7-4668-BE54-9A1E7A4F7556}") = "StateExperiment", "StateExperiment\StateExperiment\StateExperiment.csproj", "{3FB435A1-5372-4D1F-9797-EB25CA9FC8DF}"
EndProject
Project("{9A19103F-16F7-4668-BE54-9A1E7A4F7556}") = "StateExperiment.Client", "StateExperiment\StateExperiment.Client\StateExperiment.Client.csproj", "{D19A10C8-125C-428B-BBF6-56E6CC1EC640}"
EndProject
Project("{FAE04EC0-301F-11D3-BF4B-00C04F79EFBC}") = "StateExperiment.Shared", "StateExperiment.Shared\StateExperiment.Shared.csproj", "{707D438D-E160-4339-AFCE-7561985AD28A}"
EndProject
Global
	GlobalSection(SolutionConfigurationPlatforms) = preSolution
		Debug|Any CPU = Debug|Any CPU
		Release|Any CPU = Release|Any CPU
	EndGlobalSection
	GlobalSection(ProjectConfigurationPlatforms) = postSolution
		{3FB435A1-5372-4D1F-9797-EB25CA9FC8DF}.Debug|Any CPU.ActiveCfg = Debug|Any CPU
		{3FB435A1-5372-4D1F-9797-EB25CA9FC8DF}.Debug|Any CPU.Build.0 = Debug|Any CPU
		{3FB435A1-5372-4D1F-9797-EB25CA9FC8DF}.Release|Any CPU.ActiveCfg = Release|Any CPU
		{3FB435A1-5372-4D1F-9797-EB25CA9FC8DF}.Release|Any CPU.Build.0 = Release|Any CPU
		{D19A10C8-125C-428B-BBF6-56E6CC1EC640}.Debug|Any CPU.ActiveCfg = Debug|Any CPU
		{D19A10C8-125C-428B-BBF6-56E6CC1EC640}.Debug|Any CPU.Build.0 = Debug|Any CPU
		{D19A10C8-125C-428B-BBF6-56E6CC1EC640}.Release|Any CPU.ActiveCfg = Release|Any CPU
		{D19A10C8-125C-428B-BBF6-56E6CC1EC640}.Release|Any CPU.Build.0 = Release|Any CPU
		{707D438D-E160-4339-AFCE-7561985AD28A}.Debug|Any CPU.ActiveCfg = Debug|Any CPU
		{707D438D-E160-4339-AFCE-7561985AD28A}.Debug|Any CPU.Build.0 = Debug|Any CPU
		{707D438D-E160-4339-AFCE-7561985AD28A}.Release|Any CPU.ActiveCfg = Release|Any CPU
		{707D438D-E160-4339-AFCE-7561985AD28A}.Release|Any CPU.Build.0 = Release|Any CPU
	EndGlobalSection
	GlobalSection(SolutionProperties) = preSolution
		HideSolutionNode = FALSE
	EndGlobalSection
	GlobalSection(ExtensibilityGlobals) = postSolution
		SolutionGuid = {04B7DFEE-EDCD-4549-BE02-764DD5A9A240}
	EndGlobalSection
EndGlobal
